
Microsoft Visual Studio Solution File, Format Version 12.00
# Visual Studio Version 17
VisualStudioVersion = 17.12.35707.178
MinimumVisualStudioVersion = 10.0.40219.1
Project("{FAE04EC0-301F-11D3-BF4B-00C04F79EFBC}") = "ABCRetailers", "ABCRetailers.csproj", "{F9E88F60-BCC3-4277-B82D-004ED0FEEA96}"
EndProject
Project("{FAE04EC0-301F-11D3-BF4B-00C04F79EFBC}") = "ABCRetailersFunctions", "..\ABCRetailersFunctions\ABCRetailersFunctions.csproj", "{84B92647-63C3-4F27-875F-FD573032D1BC}"
EndProject
Global
	GlobalSection(SolutionConfigurationPlatforms) = preSolution
		Debug|Any CPU = Debug|Any CPU
		Release|Any CPU = Release|Any CPU
	EndGlobalSection
	GlobalSection(ProjectConfigurationPlatforms) = postSolution
		{F9E88F60-BCC3-4277-B82D-004ED0FEEA96}.Debug|Any CPU.ActiveCfg = Debug|Any CPU
		{F9E88F60-BCC3-4277-B82D-004ED0FEEA96}.Debug|Any CPU.Build.0 = Debug|Any CPU
		{F9E88F60-BCC3-4277-B82D-004ED0FEEA96}.Release|Any CPU.ActiveCfg = Release|Any CPU
		{F9E88F60-BCC3-4277-B82D-004ED0FEEA96}.Release|Any CPU.Build.0 = Release|Any CPU
		{84B92647-63C3-4F27-875F-FD573032D1BC}.Debug|Any CPU.ActiveCfg = Debug|Any CPU
		{84B92647-63C3-4F27-875F-FD573032D1BC}.Debug|Any CPU.Build.0 = Debug|Any CPU
		{84B92647-63C3-4F27-875F-FD573032D1BC}.Release|Any CPU.ActiveCfg = Release|Any CPU
		{84B92647-63C3-4F27-875F-FD573032D1BC}.Release|Any CPU.Build.0 = Release|Any CPU
	EndGlobalSection
	GlobalSection(SolutionProperties) = preSolution
		HideSolutionNode = FALSE
	EndGlobalSection
	GlobalSection(ExtensibilityGlobals) = postSolution
		SolutionGuid = {E8D5B3C6-7575-4CB7-A037-08AE044BDED7}
	EndGlobalSection
EndGlobal
